<?xml version="1.0" encoding="utf-8"?>
<Project ToolsVersion="4.0" xmlns="http://schemas.microsoft.com/developer/msbuild/2003">
  <ItemGroup>
    <Filter Include="Source Files">
      <UniqueIdentifier>{28ab8ee0-e4a3-4d5b-9a42-56ff3af40dc7}</UniqueIdentifier>
      <Extensions>cpp;c;cxx;def;odl;idl;hpj;bat;asm</Extensions>
    </Filter>
    <Filter Include="Header Files">
      <UniqueIdentifier>{0f15307a-80dc-4174-b27e-70c499bcf701}</UniqueIdentifier>
      <Extensions>h;hpp;hxx;hm;inl;inc</Extensions>
    </Filter>
    <Filter Include="Resource Files">
      <UniqueIdentifier>{bf1b776e-ea76-4c90-8ad1-35f1e5fe8787}</UniqueIdentifier>
      <Extensions>rc;ico;cur;bmp;dlg;rc2;rct;bin;rgs;gif;jpg;jpeg;jpe</Extensions>
    </Filter>
  </ItemGroup>
  <ItemGroup>
    <ClCompile Include="ASDoc.cpp">
      <Filter>Source Files</Filter>
    </ClCompile>
    <ClCompile Include="ASDocBase .cpp">
      <Filter>Source Files</Filter>
    </ClCompile>
    <ClCompile Include="ASView.cpp">
      <Filter>Source Files</Filter>
    </ClCompile>
    <ClCompile Include="ASViewBase.cpp">
      <Filter>Source Files</Filter>
    </ClCompile>
    <ClCompile Include="ASViewTabCtrl.cpp">
      <Filter>Source Files</Filter>
    </ClCompile>
    <ClCompile Include="AutoCompletionComboBox.cpp">
      <Filter>Source Files</Filter>
    </ClCompile>
    <ClCompile Include="AutoCompletionComboBoxEdit.cpp">
      <Filter>Source Files</Filter>
    </ClCompile>
    <ClCompile Include="Background.cpp">
      <Filter>Source Files</Filter>
    </ClCompile>
    <ClCompile Include="BalloonToolTip.cpp">
      <Filter>Source Files</Filter>
    </ClCompile>
    <ClCompile Include="Browsers.cpp">
      <Filter>Source Files</Filter>
    </ClCompile>
    <ClCompile Include="C2I.cpp">
      <Filter>Source Files</Filter>
    </ClCompile>
    <ClCompile Include="CategoryBar.cpp">
      <Filter>Source Files</Filter>
    </ClCompile>
    <ClCompile Include="CategoryExplorerPage.cpp">
      <Filter>Source Files</Filter>
    </ClCompile>
    <ClCompile Include="CategoryImportPage.cpp">
      <Filter>Source Files</Filter>
    </ClCompile>
    <ClCompile Include="CategoryPage.cpp">
      <Filter>Source Files</Filter>
    </ClCompile>
    <ClCompile Include="CategoryResourcePage.cpp">
      <Filter>Source Files</Filter>
    </ClCompile>
    <ClCompile Include="CategoryTabCtrl.cpp">
      <Filter>Source Files</Filter>
    </ClCompile>
    <ClCompile Include="CategoryToolsPage.cpp">
      <Filter>Source Files</Filter>
    </ClCompile>
    <ClCompile Include="CategoryWnd.cpp">
      <Filter>Source Files</Filter>
    </ClCompile>
    <ClCompile Include="CCrystalEditView.cpp">
      <Filter>Source Files</Filter>
    </ClCompile>
    <ClCompile Include="CCrystalTextBuffer.cpp">
      <Filter>Source Files</Filter>
    </ClCompile>
    <ClCompile Include="CCrystalTextView.cpp">
      <Filter>Source Files</Filter>
    </ClCompile>
    <ClCompile Include="CCrystalTextView2.cpp">
      <Filter>Source Files</Filter>
    </ClCompile>
    <ClCompile Include="CEditReplaceDlg.cpp">
      <Filter>Source Files</Filter>
    </ClCompile>
    <ClCompile Include="CFindTextDlg.cpp">
      <Filter>Source Files</Filter>
    </ClCompile>
    <ClCompile Include="ChangeZorder.cpp">
      <Filter>Source Files</Filter>
    </ClCompile>
    <ClCompile Include="CheckBoxTreeCtrl.cpp">
      <Filter>Source Files</Filter>
    </ClCompile>
    <ClCompile Include="CheckMessageBox.cpp">
      <Filter>Source Files</Filter>
    </ClCompile>
    <ClCompile Include="Clipboard.cpp">
      <Filter>Source Files</Filter>
    </ClCompile>
    <ClCompile Include="CmdAddShape.cpp">
      <Filter>Source Files</Filter>
    </ClCompile>
    <ClCompile Include="CmdAddSound.cpp">
      <Filter>Source Files</Filter>
    </ClCompile>
    <ClCompile Include="CmdBreakApart.cpp">
      <Filter>Source Files</Filter>
    </ClCompile>
    <ClCompile Include="CmdBringToFront.cpp">
      <Filter>Source Files</Filter>
    </ClCompile>
    <ClCompile Include="CmdChangeButtonCap.cpp">
      <Filter>Source Files</Filter>
    </ClCompile>
    <ClCompile Include="CmdChangeCurrentScene.cpp">
      <Filter>Source Files</Filter>
    </ClCompile>
    <ClCompile Include="CmdChangeFillStyle.cpp">
      <Filter>Source Files</Filter>
    </ClCompile>
    <ClCompile Include="CmdChangeLineStyle.cpp">
      <Filter>Source Files</Filter>
    </ClCompile>
    <ClCompile Include="CmdChangeSymbolName.cpp">
      <Filter>Source Files</Filter>
    </ClCompile>
    <ClCompile Include="CmdChangeText.cpp">
      <Filter>Source Files</Filter>
    </ClCompile>
    <ClCompile Include="CmdChangeTransformOrigin.cpp">
      <Filter>Source Files</Filter>
    </ClCompile>
    <ClCompile Include="CmdDeleteScene.cpp">
      <Filter>Source Files</Filter>
    </ClCompile>
    <ClCompile Include="CmdGroup.cpp">
      <Filter>Source Files</Filter>
    </ClCompile>
    <ClCompile Include="CmdInsertAnchorPoint.cpp">
      <Filter>Source Files</Filter>
    </ClCompile>
    <ClCompile Include="CmdInsertEffect.cpp">
      <Filter>Source Files</Filter>
    </ClCompile>
    <ClCompile Include="CmdInsertScene.cpp">
      <Filter>Source Files</Filter>
    </ClCompile>
    <ClCompile Include="CmdModifyCxform.cpp">
      <Filter>Source Files</Filter>
    </ClCompile>
    <ClCompile Include="CmdModifyEffectTime.cpp">
      <Filter>Source Files</Filter>
    </ClCompile>
    <ClCompile Include="CmdModifyFillStyle.cpp">
      <Filter>Source Files</Filter>
    </ClCompile>
    <ClCompile Include="CmdModifyLineStyle.cpp">
      <Filter>Source Files</Filter>
    </ClCompile>
    <ClCompile Include="CmdModifyMatrix.cpp">
      <Filter>Source Files</Filter>
    </ClCompile>
    <ClCompile Include="CmdModifyMovieSound.cpp">
      <Filter>Source Files</Filter>
    </ClCompile>
    <ClCompile Include="CmdModifySceneSoundTime.cpp">
      <Filter>Source Files</Filter>
    </ClCompile>
    <ClCompile Include="CmdMoveAnchorPoint.cpp">
      <Filter>Source Files</Filter>
    </ClCompile>
    <ClCompile Include="CmdMoveControlPoint.cpp">
      <Filter>Source Files</Filter>
    </ClCompile>
    <ClCompile Include="CmdMoveEffect.cpp">
      <Filter>Source Files</Filter>
    </ClCompile>
    <ClCompile Include="CmdReline.cpp">
      <Filter>Source Files</Filter>
    </ClCompile>
    <ClCompile Include="CmdRemoveAnchorPoint.cpp">
      <Filter>Source Files</Filter>
    </ClCompile>
    <ClCompile Include="CmdRemoveEffect.cpp">
      <Filter>Source Files</Filter>
    </ClCompile>
    <ClCompile Include="CmdRemoveInstance.cpp">
      <Filter>Source Files</Filter>
    </ClCompile>
    <ClCompile Include="CmdRemoveSound.cpp">
      <Filter>Source Files</Filter>
    </ClCompile>
    <ClCompile Include="CmdRenameScene.cpp">
      <Filter>Source Files</Filter>
    </ClCompile>
    <ClCompile Include="CmdReplaceButtonObj.cpp">
      <Filter>Source Files</Filter>
    </ClCompile>
    <ClCompile Include="CmdReplaceSound.cpp">
      <Filter>Source Files</Filter>
    </ClCompile>
    <ClCompile Include="CmdSendToBack.cpp">
      <Filter>Source Files</Filter>
    </ClCompile>
    <ClCompile Include="CmdTransformFillStyle.cpp">
      <Filter>Source Files</Filter>
    </ClCompile>
    <ClCompile Include="CmdUpdateObj.cpp">
      <Filter>Source Files</Filter>
    </ClCompile>
    <ClCompile Include="CodeTip.cpp">
      <Filter>Source Files</Filter>
    </ClCompile>
    <ClCompile Include="CoException.cpp">
      <Filter>Source Files</Filter>
    </ClCompile>
    <ClCompile Include="ColorPicker.cpp">
      <Filter>Source Files</Filter>
    </ClCompile>
    <ClCompile Include="ColorPickerH.cpp">
      <Filter>Source Files</Filter>
    </ClCompile>
    <ClCompile Include="ColorPickerSV.cpp">
      <Filter>Source Files</Filter>
    </ClCompile>
    <ClCompile Include="ColorSwatch.cpp">
      <Filter>Source Files</Filter>
    </ClCompile>
    <ClCompile Include="Command.cpp">
      <Filter>Source Files</Filter>
    </ClCompile>
    <ClCompile Include="CommandDrawOnce.cpp">
      <Filter>Source Files</Filter>
    </ClCompile>
    <ClCompile Include="ComUtils.cpp">
      <Filter>Source Files</Filter>
    </ClCompile>
    <ClCompile Include="Crc32Static.cpp">
      <Filter>Source Files</Filter>
    </ClCompile>
    <ClCompile Include="CurvedPath.cpp">
      <Filter>Source Files</Filter>
    </ClCompile>
    <ClCompile Include="CustomDrawListCtrl.cpp">
      <Filter>Source Files</Filter>
    </ClCompile>
    <ClCompile Include="CuteTabCtrl.cpp">
      <Filter>Source Files</Filter>
    </ClCompile>
    <ClCompile Include="DeferWindowPos.cpp">
      <Filter>Source Files</Filter>
    </ClCompile>
    <ClCompile Include="DesignWnd.cpp">
      <Filter>Source Files</Filter>
    </ClCompile>
    <ClCompile Include="Dib.cpp">
      <Filter>Source Files</Filter>
    </ClCompile>
    <ClCompile Include="DlgAbout.cpp">
      <Filter>Source Files</Filter>
    </ClCompile>
    <ClCompile Include="DlgAboutLame.cpp">
      <Filter>Source Files</Filter>
    </ClCompile>
    <ClCompile Include="DlgAddBrowser.cpp">
      <Filter>Source Files</Filter>
    </ClCompile>
    <ClCompile Include="DlgApplyTemplate.cpp">
      <Filter>Source Files</Filter>
    </ClCompile>
    <ClCompile Include="DlgChangeButtonText.cpp">
      <Filter>Source Files</Filter>
    </ClCompile>
    <ClCompile Include="DlgColorAdvanced.cpp">
      <Filter>Source Files</Filter>
    </ClCompile>
    <ClCompile Include="DlgColorSwatch.cpp">
      <Filter>Source Files</Filter>
    </ClCompile>
    <ClCompile Include="DlgComment.cpp">
      <Filter>Source Files</Filter>
    </ClCompile>
    <ClCompile Include="DlgDirectoryPicker.cpp">
      <Filter>Source Files</Filter>
    </ClCompile>
    <ClCompile Include="DlgEffectPanel.cpp">
      <Filter>Source Files</Filter>
    </ClCompile>
    <ClCompile Include="DlgExport.cpp">
      <Filter>Source Files</Filter>
    </ClCompile>
    <ClCompile Include="DlgFontPreview.cpp">
      <Filter>Source Files</Filter>
    </ClCompile>
    <ClCompile Include="DlgImportingSWF.cpp">
      <Filter>Source Files</Filter>
    </ClCompile>
    <ClCompile Include="DlgInsertText.cpp">
      <Filter>Source Files</Filter>
    </ClCompile>
    <ClCompile Include="DlgInstanceAction.cpp">
      <Filter>Source Files</Filter>
    </ClCompile>
    <ClCompile Include="DlgNewFolder.cpp">
      <Filter>Source Files</Filter>
    </ClCompile>
    <ClCompile Include="DlgPreview.cpp">
      <Filter>Source Files</Filter>
    </ClCompile>
    <ClCompile Include="DlgProgress.cpp">
      <Filter>Source Files</Filter>
    </ClCompile>
    <ClCompile Include="DlgSceneAction.cpp">
      <Filter>Source Files</Filter>
    </ClCompile>
    <ClCompile Include="DlgSelectBackgrndPos.cpp">
      <Filter>Source Files</Filter>
    </ClCompile>
    <ClCompile Include="DlgSelectEffect.cpp">
      <Filter>Source Files</Filter>
    </ClCompile>
    <ClCompile Include="DlgSelectScene.cpp">
      <Filter>Source Files</Filter>
    </ClCompile>
    <ClCompile Include="DlgSelectTarget.cpp">
      <Filter>Source Files</Filter>
    </ClCompile>
    <ClCompile Include="DlgSelectTextChanging.cpp">
      <Filter>Source Files</Filter>
    </ClCompile>
    <ClCompile Include="DlgTemplates.cpp">
      <Filter>Source Files</Filter>
    </ClCompile>
    <ClCompile Include="DlgTextTool.cpp">
      <Filter>Source Files</Filter>
    </ClCompile>
    <ClCompile Include="DlgToolOption.cpp">
      <Filter>Source Files</Filter>
    </ClCompile>
    <ClCompile Include="DlgToolOptionPolygonTool.cpp">
      <Filter>Source Files</Filter>
    </ClCompile>
    <ClCompile Include="DlgToolOptionRoundRectTool.cpp">
      <Filter>Source Files</Filter>
    </ClCompile>
    <ClCompile Include="DlgToolOptionStarTool.cpp">
      <Filter>Source Files</Filter>
    </ClCompile>
    <ClCompile Include="DlgToolOptionTextTool.cpp">
      <Filter>Source Files</Filter>
    </ClCompile>
    <ClCompile Include="DlgUndoRedo.cpp">
      <Filter>Source Files</Filter>
    </ClCompile>
    <ClCompile Include="DlgWebBrowser.cpp">
      <Filter>Source Files</Filter>
    </ClCompile>
    <ClCompile Include="DockBarEx.cpp">
      <Filter>Source Files</Filter>
    </ClCompile>
    <ClCompile Include="DockContextEx.cpp">
      <Filter>Source Files</Filter>
    </ClCompile>
    <ClCompile Include="DrawHelper.cpp">
      <Filter>Source Files</Filter>
    </ClCompile>
    <ClCompile Include="EditCxformPage.cpp">
      <Filter>Source Files</Filter>
    </ClCompile>
    <ClCompile Include="EditEx.cpp">
      <Filter>Source Files</Filter>
    </ClCompile>
    <ClCompile Include="EditGeneralPage.cpp">
      <Filter>Source Files</Filter>
    </ClCompile>
    <ClCompile Include="EditMatrixPage.cpp">
      <Filter>Source Files</Filter>
    </ClCompile>
    <ClCompile Include="EditMCEditTextDialog.cpp">
      <Filter>Source Files</Filter>
    </ClCompile>
    <ClCompile Include="EditMCReplaceDialog.cpp">
      <Filter>Source Files</Filter>
    </ClCompile>
    <ClCompile Include="EditMCShapePage.cpp">
      <Filter>Source Files</Filter>
    </ClCompile>
    <ClCompile Include="EditMCShapeSheet.cpp">
      <Filter>Source Files</Filter>
    </ClCompile>
    <ClCompile Include="EditMCSheet.cpp">
      <Filter>Source Files</Filter>
    </ClCompile>
    <ClCompile Include="EditMCSoundPage.cpp">
      <Filter>Source Files</Filter>
    </ClCompile>
    <ClCompile Include="EditMCTextPage.cpp">
      <Filter>Source Files</Filter>
    </ClCompile>
    <ClCompile Include="EditShapeFillPage.cpp">
      <Filter>Source Files</Filter>
    </ClCompile>
    <ClCompile Include="EditShapeLinePage.cpp">
      <Filter>Source Files</Filter>
    </ClCompile>
    <ClCompile Include="EditShapeSheet.cpp">
      <Filter>Source Files</Filter>
    </ClCompile>
    <ClCompile Include="EditTextSheet.cpp">
      <Filter>Source Files</Filter>
    </ClCompile>
    <ClCompile Include="EffectBar.cpp">
      <Filter>Source Files</Filter>
    </ClCompile>
    <ClCompile Include="EffectCommonParameters.cpp">
      <Filter>Source Files</Filter>
    </ClCompile>
    <ClCompile Include="EffectInplaceEditor.cpp">
      <Filter>Source Files</Filter>
    </ClCompile>
    <ClCompile Include="EffectWnd.cpp">
      <Filter>Source Files</Filter>
    </ClCompile>
    <ClCompile Include="EventsListBox.cpp">
      <Filter>Source Files</Filter>
    </ClCompile>
    <ClCompile Include="FileDialogEx.cpp">
      <Filter>Source Files</Filter>
    </ClCompile>
    <ClCompile Include="FileName.cpp">
      <Filter>Source Files</Filter>
    </ClCompile>
    <ClCompile Include="filepath.cpp">
      <Filter>Source Files</Filter>
    </ClCompile>
    <ClCompile Include="FlashPlayer.cpp">
      <Filter>Source Files</Filter>
    </ClCompile>
    <ClCompile Include="FlatBitmapButton.cpp">
      <Filter>Source Files</Filter>
    </ClCompile>
    <ClCompile Include="FlatButton.cpp">
      <Filter>Source Files</Filter>
    </ClCompile>
    <ClCompile Include="FlatColorButton.cpp">
      <Filter>Source Files</Filter>
    </ClCompile>
    <ClCompile Include="FlatShapeButton.cpp">
      <Filter>Source Files</Filter>
    </ClCompile>
    <ClCompile Include="FlexListCtrl.cpp">
      <Filter>Source Files</Filter>
    </ClCompile>
    <ClCompile Include="FolderDialog.cpp">
      <Filter>Source Files</Filter>
    </ClCompile>
    <ClCompile Include="FontComboBox.cpp">
      <Filter>Source Files</Filter>
    </ClCompile>
    <ClCompile Include="FontPreviewCombo.cpp">
      <Filter>Source Files</Filter>
    </ClCompile>
    <ClCompile Include="Glanda.cpp">
      <Filter>Source Files</Filter>
    </ClCompile>
    <ClCompile Include="GlandaClipboard.cpp">
      <Filter>Source Files</Filter>
    </ClCompile>
    <ClCompile Include="GlandaCommand.cpp">
      <Filter>Source Files</Filter>
    </ClCompile>
    <ClCompile Include="GlandaDoc.cpp">
      <Filter>Source Files</Filter>
    </ClCompile>
    <ClCompile Include="GlandaSizingControlBar.cpp">
      <Filter>Source Files</Filter>
    </ClCompile>
    <ClCompile Include="GlandaVersion.cpp">
      <Filter>Source Files</Filter>
    </ClCompile>
    <ClCompile Include="GlandaView.cpp">
      <Filter>Source Files</Filter>
    </ClCompile>
    <ClCompile Include="GLD_Application.cpp">
      <Filter>Source Files</Filter>
    </ClCompile>
    <ClCompile Include="GLD_PropertyPage.cpp">
      <Filter>Source Files</Filter>
    </ClCompile>
    <ClCompile Include="GLD_PropertySheet.cpp">
      <Filter>Source Files</Filter>
    </ClCompile>
    <ClCompile Include="gldEffect.cpp">
      <Filter>Source Files</Filter>
    </ClCompile>
    <ClCompile Include="gldEffectManager.cpp">
      <Filter>Source Files</Filter>
    </ClCompile>
    <ClCompile Include="gldInstance.cpp">
      <Filter>Source Files</Filter>
    </ClCompile>
    <ClCompile Include="gldMainMovie2.cpp">
      <Filter>Source Files</Filter>
    </ClCompile>
    <ClCompile Include="gldMovieSound.cpp">
      <Filter>Source Files</Filter>
    </ClCompile>
    <ClCompile Include="gldScene2.cpp">
      <Filter>Source Files</Filter>
    </ClCompile>
    <ClCompile Include="gldSceneSound.cpp">
      <Filter>Source Files</Filter>
    </ClCompile>
    <ClCompile Include="Global.cpp">
      <Filter>Source Files</Filter>
    </ClCompile>
    <ClCompile Include="GPAIR.cpp">
      <Filter>Source Files</Filter>
    </ClCompile>
    <ClCompile Include="Graphics.cpp">
      <Filter>Source Files</Filter>
    </ClCompile>
    <ClCompile Include="GroupUpdate.cpp">
      <Filter>Source Files</Filter>
    </ClCompile>
    <ClCompile Include="Help.cpp">
      <Filter>Source Files</Filter>
    </ClCompile>
    <ClCompile Include="HexColorEdit.cpp">
      <Filter>Source Files</Filter>
    </ClCompile>
    <ClCompile Include="HierarchyDropdown.cpp">
      <Filter>Source Files</Filter>
    </ClCompile>
    <ClCompile Include="HierarchyPopup.cpp">
      <Filter>Source Files</Filter>
    </ClCompile>
    <ClCompile Include="HistoryComboBox.cpp">
      <Filter>Source Files</Filter>
    </ClCompile>
    <ClCompile Include="HSplitter.cpp">
      <Filter>Source Files</Filter>
    </ClCompile>
    <ClCompile Include="I2C.cpp">
      <Filter>Source Files</Filter>
    </ClCompile>
    <ClCompile Include="ImageListCtrl.cpp">
      <Filter>Source Files</Filter>
    </ClCompile>
    <ClCompile Include="ImportImageDialog.cpp">
      <Filter>Source Files</Filter>
    </ClCompile>
    <ClCompile Include="IniFile.cpp">
      <Filter>Source Files</Filter>
    </ClCompile>
    <ClCompile Include="InputBox.cpp">
      <Filter>Source Files</Filter>
    </ClCompile>
    <ClCompile Include="InstanceActionPage.cpp">
      <Filter>Source Files</Filter>
    </ClCompile>
    <ClCompile Include="InstanceActionSheet.cpp">
      <Filter>Source Files</Filter>
    </ClCompile>
    <ClCompile Include="ITextTool.cpp">
      <Filter>Source Files</Filter>
    </ClCompile>
    <ClCompile Include="LineWidthEdit.cpp">
      <Filter>Source Files</Filter>
    </ClCompile>
    <ClCompile Include="ListTemplate.cpp">
      <Filter>Source Files</Filter>
    </ClCompile>
    <ClCompile Include="MainFrm.cpp">
      <Filter>Source Files</Filter>
    </ClCompile>
    <ClCompile Include="MainToolBar.cpp">
      <Filter>Source Files</Filter>
    </ClCompile>
    <ClCompile Include="MemberListBox.cpp">
      <Filter>Source Files</Filter>
    </ClCompile>
    <ClCompile Include="MiniDockFrameWndEx.cpp">
      <Filter>Source Files</Filter>
    </ClCompile>
    <ClCompile Include="MoviePreview.cpp">
      <Filter>Source Files</Filter>
    </ClCompile>
    <ClCompile Include="MoviePropertiesPage.cpp">
      <Filter>Source Files</Filter>
    </ClCompile>
    <ClCompile Include="MoviePropertiesSheet.cpp">
      <Filter>Source Files</Filter>
    </ClCompile>
    <ClCompile Include="MovieSoundPage.cpp">
      <Filter>Source Files</Filter>
    </ClCompile>
    <ClCompile Include="MruMgr.cpp">
      <Filter>Source Files</Filter>
    </ClCompile>
    <ClCompile Include="MulSelTreeCtrl.cpp">
      <Filter>Source Files</Filter>
    </ClCompile>
    <ClCompile Include="my_app.cpp">
      <Filter>Source Files</Filter>
    </ClCompile>
    <ClCompile Include="NewMenu.cpp">
      <Filter>Source Files</Filter>
    </ClCompile>
    <ClCompile Include="NumberEdit.cpp">
      <Filter>Source Files</Filter>
    </ClCompile>
    <ClCompile Include="ObjectMap.cpp">
      <Filter>Source Files</Filter>
    </ClCompile>
    <ClCompile Include="Options.cpp">
      <Filter>Source Files</Filter>
    </ClCompile>
    <ClCompile Include="OptionsPageAS.cpp">
      <Filter>Source Files</Filter>
    </ClCompile>
    <ClCompile Include="OptionsPageDesign.cpp">
      <Filter>Source Files</Filter>
    </ClCompile>
    <ClCompile Include="OptionsPageGeneral.cpp">
      <Filter>Source Files</Filter>
    </ClCompile>
    <ClCompile Include="OptionsPagePreview.cpp">
      <Filter>Source Files</Filter>
    </ClCompile>
    <ClCompile Include="OptionsPageTimeLine.cpp">
      <Filter>Source Files</Filter>
    </ClCompile>
    <ClCompile Include="OptionsSheet.cpp">
      <Filter>Source Files</Filter>
    </ClCompile>
    <ClCompile Include="OutputBar.cpp">
      <Filter>Source Files</Filter>
    </ClCompile>
    <ClCompile Include="OutputDoc.cpp">
      <Filter>Source Files</Filter>
    </ClCompile>
    <ClCompile Include="OutputView.cpp">
      <Filter>Source Files</Filter>
    </ClCompile>
    <ClCompile Include="OwnerDrawComboBox.cpp">
      <Filter>Source Files</Filter>
    </ClCompile>
    <ClCompile Include="OwnerDrawListBox.cpp">
      <Filter>Source Files</Filter>
    </ClCompile>
    <ClCompile Include="PageCommon.cpp">
      <Filter>Source Files</Filter>
    </ClCompile>
    <ClCompile Include="PageEffectPreviewOptions.cpp">
      <Filter>Source Files</Filter>
    </ClCompile>
    <ClCompile Include="PagePublishExport.cpp">
      <Filter>Source Files</Filter>
    </ClCompile>
    <ClCompile Include="PagePublishFinished.cpp">
      <Filter>Source Files</Filter>
    </ClCompile>
    <ClCompile Include="PagePublishHTMLOptions.cpp">
      <Filter>Source Files</Filter>
    </ClCompile>
    <ClCompile Include="PagePublishInsertCode.cpp">
      <Filter>Source Files</Filter>
    </ClCompile>
    <ClCompile Include="PagePublishSelect.cpp">
      <Filter>Source Files</Filter>
    </ClCompile>
    <ClCompile Include="PagePublishSelectHTML.cpp">
      <Filter>Source Files</Filter>
    </ClCompile>
    <ClCompile Include="PagePublishViewCode.cpp">
      <Filter>Source Files</Filter>
    </ClCompile>
    <ClCompile Include="PaneBar.cpp">
      <Filter>Source Files</Filter>
    </ClCompile>
    <ClCompile Include="PlaySoundDialog.cpp">
      <Filter>Source Files</Filter>
    </ClCompile>
    <ClCompile Include="PopupSliderCtrl.cpp">
      <Filter>Source Files</Filter>
    </ClCompile>
    <ClCompile Include="ProgressStatusBar.cpp">
      <Filter>Source Files</Filter>
    </ClCompile>
    <ClCompile Include="PropertyPageFixed.cpp">
      <Filter>Source Files</Filter>
    </ClCompile>
    <ClCompile Include="PropGrid.cpp">
      <Filter>Source Files</Filter>
    </ClCompile>
    <ClCompile Include="Registry.cpp">
      <Filter>Source Files</Filter>
    </ClCompile>
    <ClCompile Include="ResizableDialog.cpp">
      <Filter>Source Files</Filter>
    </ClCompile>
    <ClCompile Include="ResizableGrip.cpp">
      <Filter>Source Files</Filter>
    </ClCompile>
    <ClCompile Include="ResizableLayout.cpp">
      <Filter>Source Files</Filter>
    </ClCompile>
    <ClCompile Include="ResizableMinMax.cpp">
      <Filter>Source Files</Filter>
    </ClCompile>
    <ClCompile Include="ResizablePage.cpp">
      <Filter>Source Files</Filter>
    </ClCompile>
    <ClCompile Include="ResizableSheet.cpp">
      <Filter>Source Files</Filter>
    </ClCompile>
    <ClCompile Include="ResizableState.cpp">
      <Filter>Source Files</Filter>
    </ClCompile>
    <ClCompile Include="ResizableToolTipDialog.cpp">
      <Filter>Source Files</Filter>
    </ClCompile>
    <ClCompile Include="ResourceDirTreeCtrl.cpp">
      <Filter>Source Files</Filter>
    </ClCompile>
    <ClCompile Include="ResourceExplorerTree.cpp">
      <Filter>Source Files</Filter>
    </ClCompile>
    <ClCompile Include="ResourceExplorerWnd.cpp">
      <Filter>Source Files</Filter>
    </ClCompile>
    <ClCompile Include="ResourceThumbFilePropertiesDialog.cpp">
      <Filter>Source Files</Filter>
    </ClCompile>
    <ClCompile Include="ResourceThumbItem.cpp">
      <Filter>Source Files</Filter>
    </ClCompile>
    <ClCompile Include="ResourceThumbListCtrl.cpp">
      <Filter>Source Files</Filter>
    </ClCompile>
    <ClCompile Include="ResourceThumbObjPropertiesDialog.cpp">
      <Filter>Source Files</Filter>
    </ClCompile>
    <ClCompile Include="ResourceThumbRenameDialog.cpp">
      <Filter>Source Files</Filter>
    </ClCompile>
    <ClCompile Include="RuleWnd.cpp">
      <Filter>Source Files</Filter>
    </ClCompile>
    <ClCompile Include="SceneActionPage.cpp">
      <Filter>Source Files</Filter>
    </ClCompile>
    <ClCompile Include="SceneListBar.cpp">
      <Filter>Source Files</Filter>
    </ClCompile>
    <ClCompile Include="SceneListCtrl.cpp">
      <Filter>Source Files</Filter>
    </ClCompile>
    <ClCompile Include="SceneNameEdit.cpp">
      <Filter>Source Files</Filter>
    </ClCompile>
    <ClCompile Include="ScenePropertiesPage.cpp">
      <Filter>Source Files</Filter>
    </ClCompile>
    <ClCompile Include="ScenePropertiesSheet.cpp">
      <Filter>Source Files</Filter>
    </ClCompile>
    <ClCompile Include="ScrollButton.cpp">
      <Filter>Source Files</Filter>
    </ClCompile>
    <ClCompile Include="Selection.cpp">
      <Filter>Source Files</Filter>
    </ClCompile>
    <ClCompile Include="ShapeDraw.cpp">
      <Filter>Source Files</Filter>
    </ClCompile>
    <ClCompile Include="SheetPublish.cpp">
      <Filter>Source Files</Filter>
    </ClCompile>
    <ClCompile Include="ShellPidl.cpp">
      <Filter>Source Files</Filter>
    </ClCompile>
    <ClCompile Include="ShellTree.cpp">
      <Filter>Source Files</Filter>
    </ClCompile>
    <ClCompile Include="shockwaveflash.cpp">
      <Filter>Source Files</Filter>
    </ClCompile>
    <ClCompile Include="sizecbar.cpp">
      <Filter>Source Files</Filter>
    </ClCompile>
    <ClCompile Include="SizingControlBarEx.cpp">
      <Filter>Source Files</Filter>
    </ClCompile>
    <ClCompile Include="SlidingPanel.cpp">
      <Filter>Source Files</Filter>
    </ClCompile>
    <ClCompile Include="SlidingPanelGroup.cpp">
      <Filter>Source Files</Filter>
    </ClCompile>
    <ClCompile Include="SmartComboBox.cpp">
      <Filter>Source Files</Filter>
    </ClCompile>
    <ClCompile Include="SmartEdit.cpp">
      <Filter>Source Files</Filter>
    </ClCompile>
    <ClCompile Include="SoundPlayerWrapper.cpp">
      <Filter>Source Files</Filter>
    </ClCompile>
    <ClCompile Include="Splash.cpp">
      <Filter>Source Files</Filter>
    </ClCompile>
    <ClCompile Include="Splitter.cpp">
      <Filter>Source Files</Filter>
    </ClCompile>
    <ClCompile Include="StaticBitmap.cpp">
      <Filter>Source Files</Filter>
    </ClCompile>
    <ClCompile Include="StaticColor.cpp">
      <Filter>Source Files</Filter>
    </ClCompile>
    <ClCompile Include="StaticColorAlpha.cpp">
      <Filter>Source Files</Filter>
    </ClCompile>
    <ClCompile Include="StaticFillStyle.cpp">
      <Filter>Source Files</Filter>
    </ClCompile>
    <ClCompile Include="StaticLinearGradientFill.cpp">
      <Filter>Source Files</Filter>
    </ClCompile>
    <ClCompile Include="StaticLink.cpp">
      <Filter>Source Files</Filter>
    </ClCompile>
    <ClCompile Include="StaticPasvButton.cpp">
      <Filter>Source Files</Filter>
    </ClCompile>
    <ClCompile Include="StaticShapePreview.cpp">
      <Filter>Source Files</Filter>
    </ClCompile>
    <ClCompile Include="StaticSpinButton.cpp">
      <Filter>Source Files</Filter>
    </ClCompile>
    <ClCompile Include="StaticSplitter.cpp">
      <Filter>Source Files</Filter>
    </ClCompile>
    <ClCompile Include="StaticText.cpp">
      <Filter>Source Files</Filter>
    </ClCompile>
    <ClCompile Include="StaticTip.cpp">
      <Filter>Source Files</Filter>
    </ClCompile>
    <ClCompile Include="stdafx.cpp">
      <Filter>Source Files</Filter>
    </ClCompile>
    <ClCompile Include="SWFImportCache.cpp">
      <Filter>Source Files</Filter>
    </ClCompile>
    <ClCompile Include="SWFProxy.cpp">
      <Filter>Source Files</Filter>
    </ClCompile>
    <ClCompile Include="SWFStream.cpp">
      <Filter>Source Files</Filter>
    </ClCompile>
    <ClCompile Include="SysParas.cpp">
      <Filter>Source Files</Filter>
    </ClCompile>
    <ClCompile Include="TargetTree.cpp">
      <Filter>Source Files</Filter>
    </ClCompile>
    <ClCompile Include="TemplateCategory.cpp">
      <Filter>Source Files</Filter>
    </ClCompile>
    <ClCompile Include="TemplateListCtrl.cpp">
      <Filter>Source Files</Filter>
    </ClCompile>
    <ClCompile Include="TestImportDlg.cpp">
      <Filter>Source Files</Filter>
    </ClCompile>
    <ClCompile Include="TextEffect.cpp">
      <Filter>Source Files</Filter>
    </ClCompile>
    <ClCompile Include="TextStyleListCtrl.cpp">
      <Filter>Source Files</Filter>
    </ClCompile>
    <ClCompile Include="TextStyleManager.cpp">
      <Filter>Source Files</Filter>
    </ClCompile>
    <ClCompile Include="TextToolEx.cpp">
      <Filter>Source Files</Filter>
    </ClCompile>
    <ClCompile Include="Tips.cpp">
      <Filter>Source Files</Filter>
    </ClCompile>
    <ClCompile Include="TipWnd.cpp">
      <Filter>Source Files</Filter>
    </ClCompile>
    <ClCompile Include="ToolBarButton.cpp">
      <Filter>Source Files</Filter>
    </ClCompile>
    <ClCompile Include="ToolbarEx.cpp">
      <Filter>Source Files</Filter>
    </ClCompile>
    <ClCompile Include="ToolButton.cpp">
      <Filter>Source Files</Filter>
    </ClCompile>
    <ClCompile Include="ToolButtonPopup.cpp">
      <Filter>Source Files</Filter>
    </ClCompile>
    <ClCompile Include="Tools.cpp">
      <Filter>Source Files</Filter>
    </ClCompile>
    <ClCompile Include="TransAdaptor.cpp">
      <Filter>Source Files</Filter>
    </ClCompile>
    <ClCompile Include="TrayWnd.cpp">
      <Filter>Source Files</Filter>
    </ClCompile>
    <ClCompile Include="TShapeParser.cpp">
      <Filter>Source Files</Filter>
    </ClCompile>
    <ClCompile Include="Typeset.cpp">
      <Filter>Source Files</Filter>
    </ClCompile>
    <ClCompile Include="UndoListBox.cpp">
      <Filter>Source Files</Filter>
    </ClCompile>
    <ClCompile Include="Utils.cpp">
      <Filter>Source Files</Filter>
    </ClCompile>
    <ClCompile Include="VersionInfo.cpp">
      <Filter>Source Files</Filter>
    </ClCompile>
    <ClCompile Include="VisualStylesXP.cpp">
      <Filter>Source Files</Filter>
    </ClCompile>
    <ClCompile Include="VSplitter.cpp">
      <Filter>Source Files</Filter>
    </ClCompile>
    <ClCompile Include="ZoomComboBox.cpp">
      <Filter>Source Files</Filter>
    </ClCompile>
  </ItemGroup>
  <ItemGroup>
    <Midl Include="Glanda.idl">
      <Filter>Source Files</Filter>
    </Midl>
  </ItemGroup>
  <ItemGroup>
    <ClInclude Include="acompiler.h">
      <Filter>Header Files</Filter>
    </ClInclude>
    <ClInclude Include="armadillo.h">
      <Filter>Header Files</Filter>
    </ClInclude>
    <ClInclude Include="ASDoc.h">
      <Filter>Header Files</Filter>
    </ClInclude>
    <ClInclude Include="ASDocBase.h">
      <Filter>Header Files</Filter>
    </ClInclude>
    <ClInclude Include="ASView.h">
      <Filter>Header Files</Filter>
    </ClInclude>
    <ClInclude Include="ASViewBase.h">
      <Filter>Header Files</Filter>
    </ClInclude>
    <ClInclude Include="ASViewTabCtrl.h">
      <Filter>Header Files</Filter>
    </ClInclude>
    <ClInclude Include="AutoCompletionComboBox.h">
      <Filter>Header Files</Filter>
    </ClInclude>
    <ClInclude Include="AutoCompletionComboBoxEdit.h">
      <Filter>Header Files</Filter>
    </ClInclude>
    <ClInclude Include="AutoUpgradeLauncher.h">
      <Filter>Header Files</Filter>
    </ClInclude>
    <ClInclude Include="Background.h">
      <Filter>Header Files</Filter>
    </ClInclude>
    <ClInclude Include="BalloonToolTip.h">
      <Filter>Header Files</Filter>
    </ClInclude>
    <ClInclude Include="Browsers.h">
      <Filter>Header Files</Filter>
    </ClInclude>
    <ClInclude Include="C2I.h">
      <Filter>Header Files</Filter>
    </ClInclude>
    <ClInclude Include="CategoryBar.h">
      <Filter>Header Files</Filter>
    </ClInclude>
    <ClInclude Include="CategoryExplorerPage.h">
      <Filter>Header Files</Filter>
    </ClInclude>
    <ClInclude Include="CategoryImportPage.h">
      <Filter>Header Files</Filter>
    </ClInclude>
    <ClInclude Include="CategoryPage.h">
      <Filter>Header Files</Filter>
    </ClInclude>
    <ClInclude Include="CategoryResourcePage.h">
      <Filter>Header Files</Filter>
    </ClInclude>
    <ClInclude Include="CategoryTabCtrl.h">
      <Filter>Header Files</Filter>
    </ClInclude>
    <ClInclude Include="CategoryToolsPage.h">
      <Filter>Header Files</Filter>
    </ClInclude>
    <ClInclude Include="CategoryWnd.h">
      <Filter>Header Files</Filter>
    </ClInclude>
    <ClInclude Include="CBTreeRc.h">
      <Filter>Header Files</Filter>
    </ClInclude>
    <ClInclude Include="CCrystalEditView.h">
      <Filter>Header Files</Filter>
    </ClInclude>
    <ClInclude Include="CCrystalTextBuffer.h">
      <Filter>Header Files</Filter>
    </ClInclude>
    <ClInclude Include="CCrystalTextView.h">
      <Filter>Header Files</Filter>
    </ClInclude>
    <ClInclude Include="CEditReplaceDlg.h">
      <Filter>Header Files</Filter>
    </ClInclude>
    <ClInclude Include="CFindTextDlg.h">
      <Filter>Header Files</Filter>
    </ClInclude>
    <ClInclude Include="ChangeZorder.h">
      <Filter>Header Files</Filter>
    </ClInclude>
    <ClInclude Include="CheckBoxTreeCtrl.h">
      <Filter>Header Files</Filter>
    </ClInclude>
    <ClInclude Include="CheckMessageBox.h">
      <Filter>Header Files</Filter>
    </ClInclude>
    <ClInclude Include="Clipboard.h">
      <Filter>Header Files</Filter>
    </ClInclude>
    <ClInclude Include="CmdAddShape.h">
      <Filter>Header Files</Filter>
    </ClInclude>
    <ClInclude Include="CmdAddSound.h">
      <Filter>Header Files</Filter>
    </ClInclude>
    <ClInclude Include="CmdBreakApart.h">
      <Filter>Header Files</Filter>
    </ClInclude>
    <ClInclude Include="CmdBringToFront.h">
      <Filter>Header Files</Filter>
    </ClInclude>
    <ClInclude Include="CmdChangeButtonCap.h">
      <Filter>Header Files</Filter>
    </ClInclude>
    <ClInclude Include="CmdChangeCurrentScene.h">
      <Filter>Header Files</Filter>
    </ClInclude>
    <ClInclude Include="CmdChangeFillStyle.h">
      <Filter>Header Files</Filter>
    </ClInclude>
    <ClInclude Include="CmdChangeLineStyle.h">
      <Filter>Header Files</Filter>
    </ClInclude>
    <ClInclude Include="CmdChangeSymbolName.h">
      <Filter>Header Files</Filter>
    </ClInclude>
    <ClInclude Include="CmdChangeText.h">
      <Filter>Header Files</Filter>
    </ClInclude>
    <ClInclude Include="CmdChangeTransformOrigin.h">
      <Filter>Header Files</Filter>
    </ClInclude>
    <ClInclude Include="CmdDeleteScene.h">
      <Filter>Header Files</Filter>
    </ClInclude>
    <ClInclude Include="CmdGroup.h">
      <Filter>Header Files</Filter>
    </ClInclude>
    <ClInclude Include="CmdInsertAnchorPoint.h">
      <Filter>Header Files</Filter>
    </ClInclude>
    <ClInclude Include="CmdInsertEffect.h">
      <Filter>Header Files</Filter>
    </ClInclude>
    <ClInclude Include="CmdInsertScene.h">
      <Filter>Header Files</Filter>
    </ClInclude>
    <ClInclude Include="CmdModifyCxform.h">
      <Filter>Header Files</Filter>
    </ClInclude>
    <ClInclude Include="CmdModifyEffectTime.h">
      <Filter>Header Files</Filter>
    </ClInclude>
    <ClInclude Include="CmdModifyFillStyle.h">
      <Filter>Header Files</Filter>
    </ClInclude>
    <ClInclude Include="CmdModifyLineStyle.h">
      <Filter>Header Files</Filter>
    </ClInclude>
    <ClInclude Include="CmdModifyMatrix.h">
      <Filter>Header Files</Filter>
    </ClInclude>
    <ClInclude Include="CmdModifyMovieSound.h">
      <Filter>Header Files</Filter>
    </ClInclude>
    <ClInclude Include="CmdModifySceneSoundTime.h">
      <Filter>Header Files</Filter>
    </ClInclude>
    <ClInclude Include="CmdMoveAnchorPoint.h">
      <Filter>Header Files</Filter>
    </ClInclude>
    <ClInclude Include="CmdMoveControlPoint.h">
      <Filter>Header Files</Filter>
    </ClInclude>
    <ClInclude Include="CmdMoveEffect.h">
      <Filter>Header Files</Filter>
    </ClInclude>
    <ClInclude Include="CmdReline.h">
      <Filter>Header Files</Filter>
    </ClInclude>
    <ClInclude Include="CmdRemoveAnchorPoint.h">
      <Filter>Header Files</Filter>
    </ClInclude>
    <ClInclude Include="CmdRemoveEffect.h">
      <Filter>Header Files</Filter>
    </ClInclude>
    <ClInclude Include="CmdRemoveInstance.h">
      <Filter>Header Files</Filter>
    </ClInclude>
    <ClInclude Include="CmdRemoveSound.h">
      <Filter>Header Files</Filter>
    </ClInclude>
    <ClInclude Include="CmdRenameScene.h">
      <Filter>Header Files</Filter>
    </ClInclude>
    <ClInclude Include="CmdReplaceButtonObj.h">
      <Filter>Header Files</Filter>
    </ClInclude>
    <ClInclude Include="CmdReplaceSound.h">
      <Filter>Header Files</Filter>
    </ClInclude>
    <ClInclude Include="CmdSendToBack.h">
      <Filter>Header Files</Filter>
    </ClInclude>
    <ClInclude Include="CmdTransformFillStyle.h">
      <Filter>Header Files</Filter>
    </ClInclude>
    <ClInclude Include="CmdUpdateObj.h">
      <Filter>Header Files</Filter>
    </ClInclude>
    <ClInclude Include="CodeTip.h">
      <Filter>Header Files</Filter>
    </ClInclude>
    <ClInclude Include="CoException.h">
      <Filter>Header Files</Filter>
    </ClInclude>
    <ClInclude Include="ColorPicker.h">
      <Filter>Header Files</Filter>
    </ClInclude>
    <ClInclude Include="ColorPickerH.h">
      <Filter>Header Files</Filter>
    </ClInclude>
    <ClInclude Include="ColorPickerSV.h">
      <Filter>Header Files</Filter>
    </ClInclude>
    <ClInclude Include="ColorSwatch.h">
      <Filter>Header Files</Filter>
    </ClInclude>
    <ClInclude Include="Command.h">
      <Filter>Header Files</Filter>
    </ClInclude>
    <ClInclude Include="CommandDrawOnce.h">
      <Filter>Header Files</Filter>
    </ClInclude>
    <ClInclude Include="ComUtils.h">
      <Filter>Header Files</Filter>
    </ClInclude>
    <ClInclude Include="Crc32Static.h">
      <Filter>Header Files</Filter>
    </ClInclude>
    <ClInclude Include="CurvedPath.h">
      <Filter>Header Files</Filter>
    </ClInclude>
    <ClInclude Include="CustomDrawListCtrl.h">
      <Filter>Header Files</Filter>
    </ClInclude>
    <ClInclude Include="CuteTabCtrl.h">
      <Filter>Header Files</Filter>
    </ClInclude>
    <ClInclude Include="DeferWindowPos.h">
      <Filter>Header Files</Filter>
    </ClInclude>
    <ClInclude Include="DesignWnd.h">
      <Filter>Header Files</Filter>
    </ClInclude>
    <ClInclude Include="Dib.h">
      <Filter>Header Files</Filter>
    </ClInclude>
    <ClInclude Include="DlgAbout.h">
      <Filter>Header Files</Filter>
    </ClInclude>
    <ClInclude Include="DlgAboutLame.h">
      <Filter>Header Files</Filter>
    </ClInclude>
    <ClInclude Include="DlgAddBrowser.h">
      <Filter>Header Files</Filter>
    </ClInclude>
    <ClInclude Include="DlgApplyTemplate.h">
      <Filter>Header Files</Filter>
    </ClInclude>
    <ClInclude Include="DlgChangeButtonText.h">
      <Filter>Header Files</Filter>
    </ClInclude>
    <ClInclude Include="DlgColorAdvanced.h">
      <Filter>Header Files</Filter>
    </ClInclude>
    <ClInclude Include="DlgColorSwatch.h">
      <Filter>Header Files</Filter>
    </ClInclude>
    <ClInclude Include="DlgComment.h">
      <Filter>Header Files</Filter>
    </ClInclude>
    <ClInclude Include="DlgDirectoryPicker.h">
      <Filter>Header Files</Filter>
    </ClInclude>
    <ClInclude Include="DlgEffectPanel.h">
      <Filter>Header Files</Filter>
    </ClInclude>
    <ClInclude Include="DlgExport.h">
      <Filter>Header Files</Filter>
    </ClInclude>
    <ClInclude Include="DlgFontPreview.h">
      <Filter>Header Files</Filter>
    </ClInclude>
    <ClInclude Include="DlgImportingSWF.h">
      <Filter>Header Files</Filter>
    </ClInclude>
    <ClInclude Include="DlgInsertText.h">
      <Filter>Header Files</Filter>
    </ClInclude>
    <ClInclude Include="DlgInstanceAction.h">
      <Filter>Header Files</Filter>
    </ClInclude>
    <ClInclude Include="DlgNewFolder.h">
      <Filter>Header Files</Filter>
    </ClInclude>
    <ClInclude Include="DlgPreview.h">
      <Filter>Header Files</Filter>
    </ClInclude>
    <ClInclude Include="DlgProgress.h">
      <Filter>Header Files</Filter>
    </ClInclude>
    <ClInclude Include="DlgSceneAction.h">
      <Filter>Header Files</Filter>
    </ClInclude>
    <ClInclude Include="DlgSelectBackgrndPos.h">
      <Filter>Header Files</Filter>
    </ClInclude>
    <ClInclude Include="DlgSelectEffect.h">
      <Filter>Header Files</Filter>
    </ClInclude>
    <ClInclude Include="DlgSelectScene.h">
      <Filter>Header Files</Filter>
    </ClInclude>
    <ClInclude Include="DlgSelectTarget.h">
      <Filter>Header Files</Filter>
    </ClInclude>
    <ClInclude Include="DlgSelectTextChanging.h">
      <Filter>Header Files</Filter>
    </ClInclude>
    <ClInclude Include="DlgTemplates.h">
      <Filter>Header Files</Filter>
    </ClInclude>
    <ClInclude Include="DlgTextTool.h">
      <Filter>Header Files</Filter>
    </ClInclude>
    <ClInclude Include="DlgToolOption.h">
      <Filter>Header Files</Filter>
    </ClInclude>
    <ClInclude Include="DlgToolOptionPolygonTool.h">
      <Filter>Header Files</Filter>
    </ClInclude>
    <ClInclude Include="DlgToolOptionRoundRectTool.h">
      <Filter>Header Files</Filter>
    </ClInclude>
    <ClInclude Include="DlgToolOptionStarTool.h">
      <Filter>Header Files</Filter>
    </ClInclude>
    <ClInclude Include="DlgToolOptionTextTool.h">
      <Filter>Header Files</Filter>
    </ClInclude>
    <ClInclude Include="DlgUndoRedo.h">
      <Filter>Header Files</Filter>
    </ClInclude>
    <ClInclude Include="DlgWebBrowser.h">
      <Filter>Header Files</Filter>
    </ClInclude>
    <ClInclude Include="DockBarEx.h">
      <Filter>Header Files</Filter>
    </ClInclude>
    <ClInclude Include="DockContextEx.h">
      <Filter>Header Files</Filter>
    </ClInclude>
    <ClInclude Include="DrawHelper.h">
      <Filter>Header Files</Filter>
    </ClInclude>
    <ClInclude Include="editcmd.h">
      <Filter>Header Files</Filter>
    </ClInclude>
    <ClInclude Include="EditCxformPage.h">
      <Filter>Header Files</Filter>
    </ClInclude>
    <ClInclude Include="EditEx.h">
      <Filter>Header Files</Filter>
    </ClInclude>
    <ClInclude Include="EditGeneralPage.h">
      <Filter>Header Files</Filter>
    </ClInclude>
    <ClInclude Include="EditMatrixPage.h">
      <Filter>Header Files</Filter>
    </ClInclude>
    <ClInclude Include="EditMCEditTextDialog.h">
      <Filter>Header Files</Filter>
    </ClInclude>
    <ClInclude Include="EditMCReplaceDialog.h">
      <Filter>Header Files</Filter>
    </ClInclude>
    <ClInclude Include="EditMCShapePage.h">
      <Filter>Header Files</Filter>
    </ClInclude>
    <ClInclude Include="EditMCShapeSheet.h">
      <Filter>Header Files</Filter>
    </ClInclude>
    <ClInclude Include="EditMCSheet.h">
      <Filter>Header Files</Filter>
    </ClInclude>
    <ClInclude Include="EditMCSoundPage.h">
      <Filter>Header Files</Filter>
    </ClInclude>
    <ClInclude Include="EditMCTextPage.h">
      <Filter>Header Files</Filter>
    </ClInclude>
    <ClInclude Include="editreg.h">
      <Filter>Header Files</Filter>
    </ClInclude>
    <ClInclude Include="EditShapeFillPage.h">
      <Filter>Header Files</Filter>
    </ClInclude>
    <ClInclude Include="EditShapeLinePage.h">
      <Filter>Header Files</Filter>
    </ClInclude>
    <ClInclude Include="EditShapeSheet.h">
      <Filter>Header Files</Filter>
    </ClInclude>
    <ClInclude Include="EditTextSheet.h">
      <Filter>Header Files</Filter>
    </ClInclude>
    <ClInclude Include="EffectBar.h">
      <Filter>Header Files</Filter>
    </ClInclude>
    <ClInclude Include="EffectCategory.h">
      <Filter>Header Files</Filter>
    </ClInclude>
    <ClInclude Include="EffectCommonParameters.h">
      <Filter>Header Files</Filter>
    </ClInclude>
    <ClInclude Include="EffectCommonUtils.h">
      <Filter>Header Files</Filter>
    </ClInclude>
    <ClInclude Include="EffectInplaceEditor.h">
      <Filter>Header Files</Filter>
    </ClInclude>
    <ClInclude Include="EffectWnd.h">
      <Filter>Header Files</Filter>
    </ClInclude>
    <ClInclude Include="EventsListBox.h">
      <Filter>Header Files</Filter>
    </ClInclude>
    <ClInclude Include="FileDialogEx.h">
      <Filter>Header Files</Filter>
    </ClInclude>
    <ClInclude Include="FileName.h">
      <Filter>Header Files</Filter>
    </ClInclude>
    <ClInclude Include="filepath.h">
      <Filter>Header Files</Filter>
    </ClInclude>
    <ClInclude Include="FlashPlayer.h">
      <Filter>Header Files</Filter>
    </ClInclude>
    <ClInclude Include="FlatBitmapButton.h">
      <Filter>Header Files</Filter>
    </ClInclude>
    <ClInclude Include="FlatButton.h">
      <Filter>Header Files</Filter>
    </ClInclude>
    <ClInclude Include="FlatColorButton.h">
      <Filter>Header Files</Filter>
    </ClInclude>
    <ClInclude Include="FlatShapeButton.h">
      <Filter>Header Files</Filter>
    </ClInclude>
    <ClInclude Include="FlexListCtrl.h">
      <Filter>Header Files</Filter>
    </ClInclude>
    <ClInclude Include="FolderDialog.h">
      <Filter>Header Files</Filter>
    </ClInclude>
    <ClInclude Include="FontComboBox.h">
      <Filter>Header Files</Filter>
    </ClInclude>
    <ClInclude Include="FontPreviewCombo.h">
      <Filter>Header Files</Filter>
    </ClInclude>
    <ClInclude Include="Glanda.h">
      <Filter>Header Files</Filter>
    </ClInclude>
    <ClInclude Include="GlandaClipboard.h">
      <Filter>Header Files</Filter>
    </ClInclude>
    <ClInclude Include="GlandaCommand.h">
      <Filter>Header Files</Filter>
    </ClInclude>
    <ClInclude Include="GlandaDoc.h">
      <Filter>Header Files</Filter>
    </ClInclude>
    <ClInclude Include="GlandaSizingControlBar.h">
      <Filter>Header Files</Filter>
    </ClInclude>
    <ClInclude Include="GlandaVersion.h">
      <Filter>Header Files</Filter>
    </ClInclude>
    <ClInclude Include="GlandaView.h">
      <Filter>Header Files</Filter>
    </ClInclude>
    <ClInclude Include="GLD_Application.h">
      <Filter>Header Files</Filter>
    </ClInclude>
    <ClInclude Include="GLD_PropertyPage.h">
      <Filter>Header Files</Filter>
    </ClInclude>
    <ClInclude Include="GLD_PropertySheet.h">
      <Filter>Header Files</Filter>
    </ClInclude>
    <ClInclude Include="gldEffect.h">
      <Filter>Header Files</Filter>
    </ClInclude>
    <ClInclude Include="gldEffectManager.h">
      <Filter>Header Files</Filter>
    </ClInclude>
    <ClInclude Include="gldInstance.h">
      <Filter>Header Files</Filter>
    </ClInclude>
    <ClInclude Include="gldMainMovie2.h">
      <Filter>Header Files</Filter>
    </ClInclude>
    <ClInclude Include="gldMovieSound.h">
      <Filter>Header Files</Filter>
    </ClInclude>
    <ClInclude Include="gldScene2.h">
      <Filter>Header Files</Filter>
    </ClInclude>
    <ClInclude Include="gldSceneSound.h">
      <Filter>Header Files</Filter>
    </ClInclude>
    <ClInclude Include="Global.h">
      <Filter>Header Files</Filter>
    </ClInclude>
    <ClInclude Include="GPAIR.h">
      <Filter>Header Files</Filter>
    </ClInclude>
    <ClInclude Include="Graphics.h">
      <Filter>Header Files</Filter>
    </ClInclude>
    <ClInclude Include="GroupUpdate.h">
      <Filter>Header Files</Filter>
    </ClInclude>
    <ClInclude Include="Help.h">
      <Filter>Header Files</Filter>
    </ClInclude>
    <ClInclude Include="HexColorEdit.h">
      <Filter>Header Files</Filter>
    </ClInclude>
    <ClInclude Include="HierarchyDropdown.h">
      <Filter>Header Files</Filter>
    </ClInclude>
    <ClInclude Include="HierarchyPopup.h">
      <Filter>Header Files</Filter>
    </ClInclude>
    <ClInclude Include="HistoryComboBox.h">
      <Filter>Header Files</Filter>
    </ClInclude>
    <ClInclude Include="HSplitter.h">
      <Filter>Header Files</Filter>
    </ClInclude>
    <ClInclude Include="I2C.h">
      <Filter>Header Files</Filter>
    </ClInclude>
    <ClInclude Include="ImageListCtrl.h">
      <Filter>Header Files</Filter>
    </ClInclude>
    <ClInclude Include="ImportImageDialog.h">
      <Filter>Header Files</Filter>
    </ClInclude>
    <ClInclude Include="IniFile.h">
      <Filter>Header Files</Filter>
    </ClInclude>
    <ClInclude Include="InputBox.h">
      <Filter>Header Files</Filter>
    </ClInclude>
    <ClInclude Include="InstanceActionPage.h">
      <Filter>Header Files</Filter>
    </ClInclude>
    <ClInclude Include="InstanceActionSheet.h">
      <Filter>Header Files</Filter>
    </ClInclude>
    <ClInclude Include="ITextTool.h">
      <Filter>Header Files</Filter>
    </ClInclude>
    <ClInclude Include="JSFL.h">
      <Filter>Header Files</Filter>
    </ClInclude>
    <ClInclude Include="LineWidthEdit.h">
      <Filter>Header Files</Filter>
    </ClInclude>
    <ClInclude Include="ListTemplate.h">
      <Filter>Header Files</Filter>
    </ClInclude>
    <ClInclude Include="MainFrm.h">
      <Filter>Header Files</Filter>
    </ClInclude>
    <ClInclude Include="MainToolBar.h">
      <Filter>Header Files</Filter>
    </ClInclude>
    <ClInclude Include="MemberListBox.h">
      <Filter>Header Files</Filter>
    </ClInclude>
    <ClInclude Include="MemDC.h">
      <Filter>Header Files</Filter>
    </ClInclude>
    <ClInclude Include="MiniDockFrameWndEx.h">
      <Filter>Header Files</Filter>
    </ClInclude>
    <ClInclude Include="MoviePreview.h">
      <Filter>Header Files</Filter>
    </ClInclude>
    <ClInclude Include="MoviePropertiesPage.h">
      <Filter>Header Files</Filter>
    </ClInclude>
    <ClInclude Include="MoviePropertiesSheet.h">
      <Filter>Header Files</Filter>
    </ClInclude>
    <ClInclude Include="MovieSoundPage.h">
      <Filter>Header Files</Filter>
    </ClInclude>
    <ClInclude Include="MruMgr.h">
      <Filter>Header Files</Filter>
    </ClInclude>
    <ClInclude Include="MulSelTreeCtrl.h">
      <Filter>Header Files</Filter>
    </ClInclude>
    <ClInclude Include="my_app.h">
      <Filter>Header Files</Filter>
    </ClInclude>
    <ClInclude Include="NewMenu.h">
      <Filter>Header Files</Filter>
    </ClInclude>
    <ClInclude Include="NumberEdit.h">
      <Filter>Header Files</Filter>
    </ClInclude>
    <ClInclude Include="ObjectMap.h">
      <Filter>Header Files</Filter>
    </ClInclude>
    <ClInclude Include="ObjInstance.h">
      <Filter>Header Files</Filter>
    </ClInclude>
    <ClInclude Include="Options.h">
      <Filter>Header Files</Filter>
    </ClInclude>
    <ClInclude Include="OptionsPageAS.h">
      <Filter>Header Files</Filter>
    </ClInclude>
    <ClInclude Include="OptionsPageDesign.h">
      <Filter>Header Files</Filter>
    </ClInclude>
    <ClInclude Include="OptionsPageGeneral.h">
      <Filter>Header Files</Filter>
    </ClInclude>
    <ClInclude Include="OptionsPagePreview.h">
      <Filter>Header Files</Filter>
    </ClInclude>
    <ClInclude Include="OptionsPageTimeLine.h">
      <Filter>Header Files</Filter>
    </ClInclude>
    <ClInclude Include="OptionsSheet.h">
      <Filter>Header Files</Filter>
    </ClInclude>
    <ClInclude Include="OutputBar.h">
      <Filter>Header Files</Filter>
    </ClInclude>
    <ClInclude Include="OutputDoc.h">
      <Filter>Header Files</Filter>
    </ClInclude>
    <ClInclude Include="OutputView.h">
      <Filter>Header Files</Filter>
    </ClInclude>
    <ClInclude Include="OwnerDrawComboBox.h">
      <Filter>Header Files</Filter>
    </ClInclude>
    <ClInclude Include="OwnerDrawListBox.h">
      <Filter>Header Files</Filter>
    </ClInclude>
    <ClInclude Include="PageCommon.h">
      <Filter>Header Files</Filter>
    </ClInclude>
    <ClInclude Include="PageEffectPreviewOptions.h">
      <Filter>Header Files</Filter>
    </ClInclude>
    <ClInclude Include="PagePublishExport.h">
      <Filter>Header Files</Filter>
    </ClInclude>
    <ClInclude Include="PagePublishFinished.h">
      <Filter>Header Files</Filter>
    </ClInclude>
    <ClInclude Include="PagePublishHTMLOptions.h">
      <Filter>Header Files</Filter>
    </ClInclude>
    <ClInclude Include="PagePublishInsertCode.h">
      <Filter>Header Files</Filter>
    </ClInclude>
    <ClInclude Include="PagePublishSelect.h">
      <Filter>Header Files</Filter>
    </ClInclude>
    <ClInclude Include="PagePublishSelectHTML.h">
      <Filter>Header Files</Filter>
    </ClInclude>
    <ClInclude Include="PagePublishViewCode.h">
      <Filter>Header Files</Filter>
    </ClInclude>
    <ClInclude Include="PaneBar.h">
      <Filter>Header Files</Filter>
    </ClInclude>
    <ClInclude Include="PlaySoundDialog.h">
      <Filter>Header Files</Filter>
    </ClInclude>
    <ClInclude Include="PopupSliderCtrl.h">
      <Filter>Header Files</Filter>
    </ClInclude>
    <ClInclude Include="ProfileManager.h">
      <Filter>Header Files</Filter>
    </ClInclude>
    <ClInclude Include="ProgressStatusBar.h">
      <Filter>Header Files</Filter>
    </ClInclude>
    <ClInclude Include="PropertyPageFixed.h">
      <Filter>Header Files</Filter>
    </ClInclude>
    <ClInclude Include="PropGrid.h">
      <Filter>Header Files</Filter>
    </ClInclude>
    <ClInclude Include="Registry.h">
      <Filter>Header Files</Filter>
    </ClInclude>
    <ClInclude Include="ResizableDialog.h">
      <Filter>Header Files</Filter>
    </ClInclude>
    <ClInclude Include="ResizableGrip.h">
      <Filter>Header Files</Filter>
    </ClInclude>
    <ClInclude Include="ResizableLayout.h">
      <Filter>Header Files</Filter>
    </ClInclude>
    <ClInclude Include="ResizableMinMax.h">
      <Filter>Header Files</Filter>
    </ClInclude>
    <ClInclude Include="ResizableMsgSupport.h">
      <Filter>Header Files</Filter>
    </ClInclude>
    <ClInclude Include="ResizablePage.h">
      <Filter>Header Files</Filter>
    </ClInclude>
    <ClInclude Include="ResizableSheet.h">
      <Filter>Header Files</Filter>
    </ClInclude>
    <ClInclude Include="ResizableState.h">
      <Filter>Header Files</Filter>
    </ClInclude>
    <ClInclude Include="ResizableToolTipDialog.h">
      <Filter>Header Files</Filter>
    </ClInclude>
    <ClInclude Include="Resource.h">
      <Filter>Header Files</Filter>
    </ClInclude>
    <ClInclude Include="ResourceDirTreeCtrl.h">
      <Filter>Header Files</Filter>
    </ClInclude>
    <ClInclude Include="ResourceExplorerTree.h">
      <Filter>Header Files</Filter>
    </ClInclude>
    <ClInclude Include="ResourceExplorerWnd.h">
      <Filter>Header Files</Filter>
    </ClInclude>
    <ClInclude Include="ResourceThumbFilePropertiesDialog.h">
      <Filter>Header Files</Filter>
    </ClInclude>
    <ClInclude Include="ResourceThumbItem.h">
      <Filter>Header Files</Filter>
    </ClInclude>
    <ClInclude Include="ResourceThumbListCtrl.h">
      <Filter>Header Files</Filter>
    </ClInclude>
    <ClInclude Include="ResourceThumbObjPropertiesDialog.h">
      <Filter>Header Files</Filter>
    </ClInclude>
    <ClInclude Include="ResourceThumbRenameDialog.h">
      <Filter>Header Files</Filter>
    </ClInclude>
    <ClInclude Include="RichEditCtrlEx.h">
      <Filter>Header Files</Filter>
    </ClInclude>
    <ClInclude Include="RuleWnd.h">
      <Filter>Header Files</Filter>
    </ClInclude>
    <ClInclude Include="SceneActionPage.h">
      <Filter>Header Files</Filter>
    </ClInclude>
    <ClInclude Include="SceneListBar.h">
      <Filter>Header Files</Filter>
    </ClInclude>
    <ClInclude Include="SceneListCtrl.h">
      <Filter>Header Files</Filter>
    </ClInclude>
    <ClInclude Include="SceneNameEdit.h">
      <Filter>Header Files</Filter>
    </ClInclude>
    <ClInclude Include="ScenePropertiesPage.h">
      <Filter>Header Files</Filter>
    </ClInclude>
    <ClInclude Include="ScenePropertiesSheet.h">
      <Filter>Header Files</Filter>
    </ClInclude>
    <ClInclude Include="ScrollButton.h">
      <Filter>Header Files</Filter>
    </ClInclude>
    <ClInclude Include="Selection.h">
      <Filter>Header Files</Filter>
    </ClInclude>
    <ClInclude Include="ShapeDraw.h">
      <Filter>Header Files</Filter>
    </ClInclude>
    <ClInclude Include="SheetPublish.h">
      <Filter>Header Files</Filter>
    </ClInclude>
    <ClInclude Include="ShellPidl.h">
      <Filter>Header Files</Filter>
    </ClInclude>
    <ClInclude Include="ShellTree.h">
      <Filter>Header Files</Filter>
    </ClInclude>
    <ClInclude Include="shockwaveflash.h">
      <Filter>Header Files</Filter>
    </ClInclude>
    <ClInclude Include="Singleton.h">
      <Filter>Header Files</Filter>
    </ClInclude>
    <ClInclude Include="sizecbar.h">
      <Filter>Header Files</Filter>
    </ClInclude>
    <ClInclude Include="SizingControlBarEx.h">
      <Filter>Header Files</Filter>
    </ClInclude>
    <ClInclude Include="SlidingPanel.h">
      <Filter>Header Files</Filter>
    </ClInclude>
    <ClInclude Include="SlidingPanelGroup.h">
      <Filter>Header Files</Filter>
    </ClInclude>
    <ClInclude Include="SmartComboBox.h">
      <Filter>Header Files</Filter>
    </ClInclude>
    <ClInclude Include="SmartEdit.h">
      <Filter>Header Files</Filter>
    </ClInclude>
    <ClInclude Include="SoundPlayerWrapper.h">
      <Filter>Header Files</Filter>
    </ClInclude>
    <ClInclude Include="Splash.h">
      <Filter>Header Files</Filter>
    </ClInclude>
    <ClInclude Include="Splitter.h">
      <Filter>Header Files</Filter>
    </ClInclude>
    <ClInclude Include="StaticBitmap.h">
      <Filter>Header Files</Filter>
    </ClInclude>
    <ClInclude Include="StaticColor.h">
      <Filter>Header Files</Filter>
    </ClInclude>
    <ClInclude Include="StaticColorAlpha.h">
      <Filter>Header Files</Filter>
    </ClInclude>
    <ClInclude Include="StaticFillStyle.h">
      <Filter>Header Files</Filter>
    </ClInclude>
    <ClInclude Include="StaticLinearGradientFill.h">
      <Filter>Header Files</Filter>
    </ClInclude>
    <ClInclude Include="StaticLink.h">
      <Filter>Header Files</Filter>
    </ClInclude>
    <ClInclude Include="StaticPasvButton.h">
      <Filter>Header Files</Filter>
    </ClInclude>
    <ClInclude Include="StaticShapePreview.h">
      <Filter>Header Files</Filter>
    </ClInclude>
    <ClInclude Include="StaticSpinButton.h">
      <Filter>Header Files</Filter>
    </ClInclude>
    <ClInclude Include="StaticSplitter.h">
      <Filter>Header Files</Filter>
    </ClInclude>
    <ClInclude Include="StaticText.h">
      <Filter>Header Files</Filter>
    </ClInclude>
    <ClInclude Include="StaticTip.h">
      <Filter>Header Files</Filter>
    </ClInclude>
    <ClInclude Include="stdafx.h">
      <Filter>Header Files</Filter>
    </ClInclude>
    <ClInclude Include="SWFImportCache.h">
      <Filter>Header Files</Filter>
    </ClInclude>
    <ClInclude Include="SWFProxy.h">
      <Filter>Header Files</Filter>
    </ClInclude>
    <ClInclude Include="SWFStream.h">
      <Filter>Header Files</Filter>
    </ClInclude>
    <ClInclude Include="Symbols.h">
      <Filter>Header Files</Filter>
    </ClInclude>
    <ClInclude Include="SysParas.h">
      <Filter>Header Files</Filter>
    </ClInclude>
    <ClInclude Include="TargetTree.h">
      <Filter>Header Files</Filter>
    </ClInclude>
    <ClInclude Include="TemplateCategory.h">
      <Filter>Header Files</Filter>
    </ClInclude>
    <ClInclude Include="TemplateListCtrl.h">
      <Filter>Header Files</Filter>
    </ClInclude>
    <ClInclude Include="TestImportDlg.h">
      <Filter>Header Files</Filter>
    </ClInclude>
    <ClInclude Include="TextEffect.h">
      <Filter>Header Files</Filter>
    </ClInclude>
    <ClInclude Include="TextStyleListCtrl.h">
      <Filter>Header Files</Filter>
    </ClInclude>
    <ClInclude Include="TextStyleManager.h">
      <Filter>Header Files</Filter>
    </ClInclude>
    <ClInclude Include="TextToolEx.h">
      <Filter>Header Files</Filter>
    </ClInclude>
    <ClInclude Include="Tips.h">
      <Filter>Header Files</Filter>
    </ClInclude>
    <ClInclude Include="TipWnd.h">
      <Filter>Header Files</Filter>
    </ClInclude>
    <ClInclude Include="ToolBarButton.h">
      <Filter>Header Files</Filter>
    </ClInclude>
    <ClInclude Include="ToolbarEx.h">
      <Filter>Header Files</Filter>
    </ClInclude>
    <ClInclude Include="ToolButton.h">
      <Filter>Header Files</Filter>
    </ClInclude>
    <ClInclude Include="ToolButtonPopup.h">
      <Filter>Header Files</Filter>
    </ClInclude>
    <ClInclude Include="Tools.h">
      <Filter>Header Files</Filter>
    </ClInclude>
    <ClInclude Include="toolsdef.h">
      <Filter>Header Files</Filter>
    </ClInclude>
    <ClInclude Include="TransAdaptor.h">
      <Filter>Header Files</Filter>
    </ClInclude>
    <ClInclude Include="TrayWnd.h">
      <Filter>Header Files</Filter>
    </ClInclude>
    <ClInclude Include="TShapeParser.h">
      <Filter>Header Files</Filter>
    </ClInclude>
    <ClInclude Include="Typeset.h">
      <Filter>Header Files</Filter>
    </ClInclude>
    <ClInclude Include="UndoListBox.h">
      <Filter>Header Files</Filter>
    </ClInclude>
    <ClInclude Include="Utils.h">
      <Filter>Header Files</Filter>
    </ClInclude>
    <ClInclude Include="VersionInfo.h">
      <Filter>Header Files</Filter>
    </ClInclude>
    <ClInclude Include="VisualStylesXP.h">
      <Filter>Header Files</Filter>
    </ClInclude>
    <ClInclude Include="VSplitter.h">
      <Filter>Header Files</Filter>
    </ClInclude>
    <ClInclude Include="ZoomComboBox.h">
      <Filter>Header Files</Filter>
    </ClInclude>
  </ItemGroup>
  <ItemGroup>
    <None Include="ResizableMsgSupport.inl">
      <Filter>Header Files</Filter>
    </None>
    <None Include="res\add1.bmp">
      <Filter>Resource Files</Filter>
    </None>
    <None Include="res\add_acti.bmp">
      <Filter>Resource Files</Filter>
    </None>
    <None Include="res\add_even.bmp">
      <Filter>Resource Files</Filter>
    </None>
    <None Include="res\align_ce.bmp">
      <Filter>Resource Files</Filter>
    </None>
    <None Include="res\align_le.bmp">
      <Filter>Resource Files</Filter>
    </None>
    <None Include="res\align_mi.bmp">
      <Filter>Resource Files</Filter>
    </None>
    <None Include="res\align_ri.bmp">
      <Filter>Resource Files</Filter>
    </None>
    <None Include="res\alignbottom.bmp">
      <Filter>Resource Files</Filter>
    </None>
    <None Include="res\alignleft.bmp">
      <Filter>Resource Files</Filter>
    </None>
    <None Include="res\alignright.bmp">
      <Filter>Resource Files</Filter>
    </None>
    <None Include="res\aligntop.bmp">
      <Filter>Resource Files</Filter>
    </None>
    <None Include="res\anchorpoint.bmp">
      <Filter>Resource Files</Filter>
    </None>
    <None Include="res\applytemplate.bmp">
      <Filter>Resource Files</Filter>
    </None>
    <None Include="res\back.bmp">
      <Filter>Resource Files</Filter>
    </None>
    <None Include="res\bg_tiles.bmp">
      <Filter>Resource Files</Filter>
    </None>
    <None Include="res\bitmap1.bmp">
      <Filter>Resource Files</Filter>
    </None>
    <None Include="res\bitmap2.bmp">
      <Filter>Resource Files</Filter>
    </None>
    <None Include="res\bitmap3.bmp">
      <Filter>Resource Files</Filter>
    </None>
    <None Include="res\bitmap4.bmp">
      <Filter>Resource Files</Filter>
    </None>
    <None Include="res\blankdoc.bmp">
      <Filter>Resource Files</Filter>
    </None>
    <None Include="res\bmp00001.bmp">
      <Filter>Resource Files</Filter>
    </None>
    <None Include="res\bmp00002.bmp">
      <Filter>Resource Files</Filter>
    </None>
    <None Include="res\bmp00003.bmp">
      <Filter>Resource Files</Filter>
    </None>
    <None Include="res\bmp00004.bmp">
      <Filter>Resource Files</Filter>
    </None>
    <None Include="res\bmp00005.bmp">
      <Filter>Resource Files</Filter>
    </None>
    <None Include="res\bmp00006.bmp">
      <Filter>Resource Files</Filter>
    </None>
    <None Include="res\bmp00007.bmp">
      <Filter>Resource Files</Filter>
    </None>
    <None Include="res\bmp00008.bmp">
      <Filter>Resource Files</Filter>
    </None>
    <None Include="res\bmp00009.bmp">
      <Filter>Resource Files</Filter>
    </None>
    <None Include="res\bmp00010.bmp">
      <Filter>Resource Files</Filter>
    </None>
    <None Include="res\bmp00011.bmp">
      <Filter>Resource Files</Filter>
    </None>
    <None Include="res\bmp00012.bmp">
      <Filter>Resource Files</Filter>
    </None>
    <None Include="res\bmp00013.bmp">
      <Filter>Resource Files</Filter>
    </None>
    <None Include="res\bmp00014.bmp">
      <Filter>Resource Files</Filter>
    </None>
    <None Include="res\bmp00015.bmp">
      <Filter>Resource Files</Filter>
    </None>
    <None Include="res\bmp00016.bmp">
      <Filter>Resource Files</Filter>
    </None>
    <None Include="res\bmp00017.bmp">
      <Filter>Resource Files</Filter>
    </None>
    <None Include="res\bmp00018.bmp">
      <Filter>Resource Files</Filter>
    </None>
    <None Include="res\bmp00019.bmp">
      <Filter>Resource Files</Filter>
    </None>
    <None Include="res\bmp00020.bmp">
      <Filter>Resource Files</Filter>
    </None>
    <None Include="res\bmp00021.bmp">
      <Filter>Resource Files</Filter>
    </None>
    <None Include="res\bmp00022.bmp">
      <Filter>Resource Files</Filter>
    </None>
    <None Include="res\bmp00023.bmp">
      <Filter>Resource Files</Filter>
    </None>
    <None Include="res\bmp00024.bmp">
      <Filter>Resource Files</Filter>
    </None>
    <None Include="res\bmp00025.bmp">
      <Filter>Resource Files</Filter>
    </None>
    <None Include="res\bmp00026.bmp">
      <Filter>Resource Files</Filter>
    </None>
    <None Include="res\bmp00027.bmp">
      <Filter>Resource Files</Filter>
    </None>
    <None Include="res\bmp00028.bmp">
      <Filter>Resource Files</Filter>
    </None>
    <None Include="res\bmp00029.bmp">
      <Filter>Resource Files</Filter>
    </None>
    <None Include="res\bmp00032.bmp">
      <Filter>Resource Files</Filter>
    </None>
    <None Include="res\bmp00033.bmp">
      <Filter>Resource Files</Filter>
    </None>
    <None Include="res\bmp00034.bmp">
      <Filter>Resource Files</Filter>
    </None>
    <None Include="res\bmp00035.bmp">
      <Filter>Resource Files</Filter>
    </None>
    <None Include="res\bmp00036.bmp">
      <Filter>Resource Files</Filter>
    </None>
    <None Include="res\bmp00037.bmp">
      <Filter>Resource Files</Filter>
    </None>
    <None Include="res\bmp00038.bmp">
      <Filter>Resource Files</Filter>
    </None>
    <None Include="res\bmp00039.bmp">
      <Filter>Resource Files</Filter>
    </None>
    <None Include="res\bmp00040.bmp">
      <Filter>Resource Files</Filter>
    </None>
    <None Include="res\bmp00041.bmp">
      <Filter>Resource Files</Filter>
    </None>
    <None Include="res\bmp00042.bmp">
      <Filter>Resource Files</Filter>
    </None>
    <None Include="res\bmp16x17.bmp">
      <Filter>Resource Files</Filter>
    </None>
    <None Include="res\bmp32x17.bmp">
      <Filter>Resource Files</Filter>
    </None>
    <None Include="res\bmp3d_bo.bmp">
      <Filter>Resource Files</Filter>
    </None>
    <None Include="res\bold.bmp">
      <Filter>Resource Files</Filter>
    </None>
    <None Include="res\bold1.bmp">
      <Filter>Resource Files</Filter>
    </None>
    <None Include="res\bold2.bmp">
      <Filter>Resource Files</Filter>
    </None>
    <None Include="res\brokened.bmp">
      <Filter>Resource Files</Filter>
    </None>
    <None Include="res\BrokenEdge.bmp">
      <Filter>Resource Files</Filter>
    </None>
    <None Include="res\Browser.ico">
      <Filter>Resource Files</Filter>
    </None>
    <None Include="res\browser1.ico">
      <Filter>Resource Files</Filter>
    </None>
    <None Include="brush_st.bmp">
      <Filter>Resource Files</Filter>
    </None>
    <None Include="res\buton_co.bmp">
      <Filter>Resource Files</Filter>
    </None>
    <None Include="res\button.ico">
      <Filter>Resource Files</Filter>
    </None>
    <None Include="res\button_a.bmp">
      <Filter>Resource Files</Filter>
    </None>
    <None Include="res\button_b.bmp">
      <Filter>Resource Files</Filter>
    </None>
    <None Include="res\button_c.bmp">
      <Filter>Resource Files</Filter>
    </None>
    <None Include="res\button_h.bmp">
      <Filter>Resource Files</Filter>
    </None>
    <None Include="res\button_l.bmp">
      <Filter>Resource Files</Filter>
    </None>
    <None Include="res\button_m.bmp">
      <Filter>Resource Files</Filter>
    </None>
    <None Include="res\button_p.bmp">
      <Filter>Resource Files</Filter>
    </None>
    <None Include="res\button_u.bmp">
      <Filter>Resource Files</Filter>
    </None>
    <None Include="CBTreeState.bmp">
      <Filter>Resource Files</Filter>
    </None>
    <None Include="res\char_spa.bmp">
      <Filter>Resource Files</Filter>
    </None>
    <None Include="res\close.bmp">
      <Filter>Resource Files</Filter>
    </None>
    <None Include="res\CloseHighLight.bmp">
      <Filter>Resource Files</Filter>
    </None>
    <None Include="res\color_pa.bmp">
      <Filter>Resource Files</Filter>
    </None>
    <None Include="res\constrai.bmp">
      <Filter>Resource Files</Filter>
    </None>
    <None Include="res\cur00001.cur">
      <Filter>Resource Files</Filter>
    </None>
    <None Include="res\cur00002.cur">
      <Filter>Resource Files</Filter>
    </None>
    <None Include="cursor1.cur">
      <Filter>Resource Files</Filter>
    </None>
    <None Include="res\down1.bmp">
      <Filter>Resource Files</Filter>
    </None>
    <None Include="res\drag_mul.cur">
      <Filter>Resource Files</Filter>
    </None>
    <None Include="res\drag_sin.cur">
      <Filter>Resource Files</Filter>
    </None>
    <None Include="res\Dragmove.cur">
      <Filter>Resource Files</Filter>
    </None>
    <None Include="res\EditGuidLine.bmp">
      <Filter>Resource Files</Filter>
    </None>
    <None Include="res\effect_c.bmp">
      <Filter>Resource Files</Filter>
    </None>
    <None Include="res\effect_cats.bmp">
      <Filter>Resource Files</Filter>
    </None>
    <None Include="res\effect_d.bmp">
      <Filter>Resource Files</Filter>
    </None>
    <None Include="res\effect_e.bmp">
      <Filter>Resource Files</Filter>
    </None>
    <None Include="res\effect_l.bmp">
      <Filter>Resource Files</Filter>
    </None>
    <None Include="res\effwnd_s.bmp">
      <Filter>Resource Files</Filter>
    </None>
    <None Include="res\eye1.bmp">
      <Filter>Resource Files</Filter>
    </None>
    <None Include="res\fill1.bmp">
      <Filter>Resource Files</Filter>
    </None>
    <None Include="res\forward.bmp">
      <Filter>Resource Files</Filter>
    </None>
    <None Include="res\glanda.ico">
      <Filter>Resource Files</Filter>
    </None>
    <None Include="res\Glanda.rc2">
      <Filter>Resource Files</Filter>
    </None>
    <None Include="Glanda.rgs">
      <Filter>Resource Files</Filter>
    </None>
    <None Include="res\GlandaDoc.ico">
      <Filter>Resource Files</Filter>
    </None>
    <None Include="GLD_Application.rgs">
      <Filter>Resource Files</Filter>
    </None>
    <None Include="res\global1.ico">
      <Filter>Resource Files</Filter>
    </None>
    <None Include="res\gotofolder.bmp">
      <Filter>Resource Files</Filter>
    </None>
    <None Include="res\group.ico">
      <Filter>Resource Files</Filter>
    </None>
    <None Include="hand_dra.cur">
      <Filter>Resource Files</Filter>
    </None>
    <None Include="hand_hol.cur">
      <Filter>Resource Files</Filter>
    </None>
    <None Include="res\Hande.bmp">
      <Filter>Resource Files</Filter>
    </None>
    <None Include="res\hourglass.ani">
      <Filter>Resource Files</Filter>
    </None>
    <None Include="res\hourglass.bmp">
      <Filter>Resource Files</Filter>
    </None>
    <None Include="res\icon1.ico">
      <Filter>Resource Files</Filter>
    </None>
    <None Include="res\icon_inf.bmp">
      <Filter>Resource Files</Filter>
    </None>
    <None Include="res\idr_main.ico">
      <Filter>Resource Files</Filter>
    </None>
    <None Include="res\indent1.bmp">
      <Filter>Resource Files</Filter>
    </None>
    <None Include="res\indent2.bmp">
      <Filter>Resource Files</Filter>
    </None>
    <None Include="res\informat.bmp">
      <Filter>Resource Files</Filter>
    </None>
    <None Include="res\italic.bmp">
      <Filter>Resource Files</Filter>
    </None>
    <None Include="res\italic1.bmp">
      <Filter>Resource Files</Filter>
    </None>
    <None Include="res\lame.bmp">
      <Filter>Resource Files</Filter>
    </None>
    <None Include="res\layout_b.bmp">
      <Filter>Resource Files</Filter>
    </None>
    <None Include="res\left.bmp">
      <Filter>Resource Files</Filter>
    </None>
    <None Include="res\library_.bmp">
      <Filter>Resource Files</Filter>
    </None>
    <None Include="res\line1.bmp">
      <Filter>Resource Files</Filter>
    </None>
    <None Include="res\line_spa.bmp">
      <Filter>Resource Files</Filter>
    </None>
    <None Include="res\lock.bmp">
      <Filter>Resource Files</Filter>
    </None>
    <None Include="res\member_l.bmp">
      <Filter>Resource Files</Filter>
    </None>
    <None Include="mg_cur.cur">
      <Filter>Resource Files</Filter>
    </None>
    <None Include="mg_icons.bmp">
      <Filter>Resource Files</Filter>
    </None>
    <None Include="res\movieclip.ico">
      <Filter>Resource Files</Filter>
    </None>
    <None Include="res\my_hand.cur">
      <Filter>Resource Files</Filter>
    </None>
    <None Include="res\nav_bar1.bmp">
      <Filter>Resource Files</Filter>
    </None>
    <None Include="res\Nodrop01.cur">
      <Filter>Resource Files</Filter>
    </None>
    <None Include="res\paths_tool_line.bmp">
      <Filter>Resource Files</Filter>
    </None>
    <None Include="res\paths_tool_oval.bmp">
      <Filter>Resource Files</Filter>
    </None>
    <None Include="res\paths_tool_pen.bmp">
      <Filter>Resource Files</Filter>
    </None>
    <None Include="res\paths_tool_pencil.bmp">
      <Filter>Resource Files</Filter>
    </None>
    <None Include="res\paths_tool_rou.bmp">
      <Filter>Resource Files</Filter>
    </None>
    <None Include="res\picker.cur">
      <Filter>Resource Files</Filter>
    </None>
    <None Include="res\right.bmp">
      <Filter>Resource Files</Filter>
    </None>
    <None Include="res\right_ma.bmp">
      <Filter>Resource Files</Filter>
    </None>
    <None Include="res\shape.ico">
      <Filter>Resource Files</Filter>
    </None>
    <None Include="res\size_bot.bmp">
      <Filter>Resource Files</Filter>
    </None>
    <None Include="res\size_hei.bmp">
      <Filter>Resource Files</Filter>
    </None>
    <None Include="res\size_wid.bmp">
      <Filter>Resource Files</Filter>
    </None>
    <None Include="res\sliding_.bmp">
      <Filter>Resource Files</Filter>
    </None>
    <None Include="res\Sothink SWF Quicker.ico">
      <Filter>Resource Files</Filter>
    </None>
    <None Include="res\sound_l.bmp">
      <Filter>Resource Files</Filter>
    </None>
    <None Include="res\sound_t.bmp">
      <Filter>Resource Files</Filter>
    </None>
    <None Include="res\space_do.bmp">
      <Filter>Resource Files</Filter>
    </None>
    <None Include="res\spacedown.bmp">
      <Filter>Resource Files</Filter>
    </None>
    <None Include="res\Splash.bmp">
      <Filter>Resource Files</Filter>
    </None>
    <None Include="res\stockresourceicon.bmp">
      <Filter>Resource Files</Filter>
    </None>
    <None Include="res\sub.bmp">
      <Filter>Resource Files</Filter>
    </None>
    <None Include="res\text.ico">
      <Filter>Resource Files</Filter>
    </None>
    <None Include="res\tool_ink_bottle.bmp">
      <Filter>Resource Files</Filter>
    </None>
    <None Include="res\tool_line.bmp">
      <Filter>Resource Files</Filter>
    </None>
    <None Include="res\tool_oval.bmp">
      <Filter>Resource Files</Filter>
    </None>
    <None Include="res\tool_pai.bmp">
      <Filter>Resource Files</Filter>
    </None>
    <None Include="res\tool_paint_bucket.bmp">
      <Filter>Resource Files</Filter>
    </None>
    <None Include="res\tool_pen.bmp">
      <Filter>Resource Files</Filter>
    </None>
    <None Include="res\tool_pencil.bmp">
      <Filter>Resource Files</Filter>
    </None>
    <None Include="res\tool_pol.bmp">
      <Filter>Resource Files</Filter>
    </None>
    <None Include="res\tool_rec.bmp">
      <Filter>Resource Files</Filter>
    </None>
    <None Include="res\tool_rect.bmp">
      <Filter>Resource Files</Filter>
    </None>
    <None Include="res\tool_reshape.bmp">
      <Filter>Resource Files</Filter>
    </None>
    <None Include="res\tool_rou.bmp">
      <Filter>Resource Files</Filter>
    </None>
    <None Include="res\tool_select.bmp">
      <Filter>Resource Files</Filter>
    </None>
    <None Include="res\tool_text.bmp">
      <Filter>Resource Files</Filter>
    </None>
    <None Include="res\Toolbar.bmp">
      <Filter>Resource Files</Filter>
    </None>
    <None Include="res\toolbar_.bmp">
      <Filter>Resource Files</Filter>
    </None>
    <None Include="res\toolbar_16X16.bmp">
      <Filter>Resource Files</Filter>
    </None>
    <None Include="res\trial.glm">
      <Filter>Resource Files</Filter>
    </None>
    <None Include="res\ttf_glyph.bmp">
      <Filter>Resource Files</Filter>
    </None>
    <None Include="res\up1.bmp">
      <Filter>Resource Files</Filter>
    </None>
    <None Include="res\Zoom.bmp">
      <Filter>Resource Files</Filter>
    </None>
    <None Include="res\zoomin.bmp">
      <Filter>Resource Files</Filter>
    </None>
    <None Include="res\zoomout.bmp">
      <Filter>Resource Files</Filter>
    </None>
    <None Include="ReadMe.txt" />
  </ItemGroup>
  <ItemGroup>
    <Manifest Include="res\Glanda.manifest">
      <Filter>Resource Files</Filter>
    </Manifest>
  </ItemGroup>
  <ItemGroup>
    <ResourceCompile Include="Glanda.rc">
      <Filter>Resource Files</Filter>
    </ResourceCompile>
  </ItemGroup>
</Project>